
Microsoft Visual Studio Solution File, Format Version 12.00
# Visual Studio Version 17
VisualStudioVersion = 17.9.34723.18
MinimumVisualStudioVersion = 10.0.40219.1
Project("{FAE04EC0-301F-11D3-BF4B-00C04F79EFBC}") = "WindowsFormsApp2", "WindowsFormsApp2\WindowsFormsApp2.csproj", "{05627188-12B6-4DA1-BD7C-9BDEC3862A95}"
EndProject
Global
	GlobalSection(SolutionConfigurationPlatforms) = preSolution
		Debug|Any CPU = Debug|Any CPU
		Release|Any CPU = Release|Any CPU
	EndGlobalSection
	GlobalSection(ProjectConfigurationPlatforms) = postSolution
		{05627188-12B6-4DA1-BD7C-9BDEC3862A95}.Debug|Any CPU.ActiveCfg = Debug|Any CPU
		{05627188-12B6-4DA1-BD7C-9BDEC3862A95}.Debug|Any CPU.Build.0 = Debug|Any CPU
		{05627188-12B6-4DA1-BD7C-9BDEC3862A95}.Release|Any CPU.ActiveCfg = Release|Any CPU
		{05627188-12B6-4DA1-BD7C-9BDEC3862A95}.Release|Any CPU.Build.0 = Release|Any CPU
	EndGlobalSection
	GlobalSection(SolutionProperties) = preSolution
		HideSolutionNode = FALSE
	EndGlobalSection
	GlobalSection(ExtensibilityGlobals) = postSolution
		SolutionGuid = {9A6519E5-B432-448F-B976-568C1DC42ED1}
	EndGlobalSection
EndGlobal
